
Microsoft Visual Studio Solution File, Format Version 12.00
# Visual Studio Version 17
VisualStudioVersion = 17.14.36414.22 d17.14
MinimumVisualStudioVersion = 10.0.40219.1
Project("{FAE04EC0-301F-11D3-BF4B-00C04F79EFBC}") = "veeb", "veeb.csproj", "{9DF675FC-0182-4C43-9722-6015C4B90517}"
EndProject
Global
	GlobalSection(SolutionConfigurationPlatforms) = preSolution
		Debug|Any CPU = Debug|Any CPU
		Release|Any CPU = Release|Any CPU
	EndGlobalSection
	GlobalSection(ProjectConfigurationPlatforms) = postSolution
		{9DF675FC-0182-4C43-9722-6015C4B90517}.Debug|Any CPU.ActiveCfg = Debug|Any CPU
		{9DF675FC-0182-4C43-9722-6015C4B90517}.Debug|Any CPU.Build.0 = Debug|Any CPU
		{9DF675FC-0182-4C43-9722-6015C4B90517}.Release|Any CPU.ActiveCfg = Release|Any CPU
		{9DF675FC-0182-4C43-9722-6015C4B90517}.Release|Any CPU.Build.0 = Release|Any CPU
	EndGlobalSection
	GlobalSection(SolutionProperties) = preSolution
		HideSolutionNode = FALSE
	EndGlobalSection
	GlobalSection(ExtensibilityGlobals) = postSolution
		SolutionGuid = {6559999B-869B-4780-AB1D-6D6D537B9C06}
	EndGlobalSection
EndGlobal
